
Microsoft Visual Studio Solution File, Format Version 12.00
# Visual Studio Version 17
VisualStudioVersion = 17.10.35027.167
MinimumVisualStudioVersion = 10.0.40219.1
Project("{FAE04EC0-301F-11D3-BF4B-00C04F79EFBC}") = "AccauntTekshir", "Shape\AccauntTekshir.csproj", "{8C44C0BE-0A47-4903-8273-198D06A017FD}"
EndProject
Global
	GlobalSection(SolutionConfigurationPlatforms) = preSolution
		Debug|Any CPU = Debug|Any CPU
		Release|Any CPU = Release|Any CPU
	EndGlobalSection
	GlobalSection(ProjectConfigurationPlatforms) = postSolution
		{8C44C0BE-0A47-4903-8273-198D06A017FD}.Debug|Any CPU.ActiveCfg = Debug|Any CPU
		{8C44C0BE-0A47-4903-8273-198D06A017FD}.Debug|Any CPU.Build.0 = Debug|Any CPU
		{8C44C0BE-0A47-4903-8273-198D06A017FD}.Release|Any CPU.ActiveCfg = Release|Any CPU
		{8C44C0BE-0A47-4903-8273-198D06A017FD}.Release|Any CPU.Build.0 = Release|Any CPU
	EndGlobalSection
	GlobalSection(SolutionProperties) = preSolution
		HideSolutionNode = FALSE
	EndGlobalSection
	GlobalSection(ExtensibilityGlobals) = postSolution
		SolutionGuid = {614A92DA-9B0D-4023-B130-55A7496E67B4}
	EndGlobalSection
EndGlobal
